
Microsoft Visual Studio Solution File, Format Version 12.00
# Visual Studio Version 17
VisualStudioVersion = 17.3.32611.2
MinimumVisualStudioVersion = 10.0.40219.1
Project("{FAE04EC0-301F-11D3-BF4B-00C04F79EFBC}") = "KlanicaPraksa", "KlanicaPraksa\KlanicaPraksa.csproj", "{8F25E08B-E386-4185-9C47-15FECE4F4A47}"
EndProject
Global
	GlobalSection(SolutionConfigurationPlatforms) = preSolution
		Debug|Any CPU = Debug|Any CPU
		Release|Any CPU = Release|Any CPU
	EndGlobalSection
	GlobalSection(ProjectConfigurationPlatforms) = postSolution
		{8F25E08B-E386-4185-9C47-15FECE4F4A47}.Debug|Any CPU.ActiveCfg = Debug|Any CPU
		{8F25E08B-E386-4185-9C47-15FECE4F4A47}.Debug|Any CPU.Build.0 = Debug|Any CPU
		{8F25E08B-E386-4185-9C47-15FECE4F4A47}.Release|Any CPU.ActiveCfg = Release|Any CPU
		{8F25E08B-E386-4185-9C47-15FECE4F4A47}.Release|Any CPU.Build.0 = Release|Any CPU
	EndGlobalSection
	GlobalSection(SolutionProperties) = preSolution
		HideSolutionNode = FALSE
	EndGlobalSection
	GlobalSection(ExtensibilityGlobals) = postSolution
		SolutionGuid = {F6B85DF0-2619-401B-AE9D-43E40E20A74E}
	EndGlobalSection
EndGlobal
